
Microsoft Visual Studio Solution File, Format Version 12.00
# Visual Studio Version 17
VisualStudioVersion = 17.5.33424.131
MinimumVisualStudioVersion = 10.0.40219.1
Project("{FAE04EC0-301F-11D3-BF4B-00C04F79EFBC}") = "01. Task 1", "01. Task 1\01. Task 1.csproj", "{7217AF22-7E8C-431E-BF6C-1C96948A5B5F}"
EndProject
Project("{FAE04EC0-301F-11D3-BF4B-00C04F79EFBC}") = "02. Task 2", "02. Task 2\02. Task 2.csproj", "{347D455D-E96B-4EB6-961D-EBA8BC031B75}"
EndProject
Project("{FAE04EC0-301F-11D3-BF4B-00C04F79EFBC}") = "03. Task 3", "03. Task 3\03. Task 3.csproj", "{8EBF202A-0EAD-4943-9640-F93A0364384A}"
EndProject
Global
	GlobalSection(SolutionConfigurationPlatforms) = preSolution
		Debug|Any CPU = Debug|Any CPU
		Release|Any CPU = Release|Any CPU
	EndGlobalSection
	GlobalSection(ProjectConfigurationPlatforms) = postSolution
		{7217AF22-7E8C-431E-BF6C-1C96948A5B5F}.Debug|Any CPU.ActiveCfg = Debug|Any CPU
		{7217AF22-7E8C-431E-BF6C-1C96948A5B5F}.Debug|Any CPU.Build.0 = Debug|Any CPU
		{7217AF22-7E8C-431E-BF6C-1C96948A5B5F}.Release|Any CPU.ActiveCfg = Release|Any CPU
		{7217AF22-7E8C-431E-BF6C-1C96948A5B5F}.Release|Any CPU.Build.0 = Release|Any CPU
		{347D455D-E96B-4EB6-961D-EBA8BC031B75}.Debug|Any CPU.ActiveCfg = Debug|Any CPU
		{347D455D-E96B-4EB6-961D-EBA8BC031B75}.Debug|Any CPU.Build.0 = Debug|Any CPU
		{347D455D-E96B-4EB6-961D-EBA8BC031B75}.Release|Any CPU.ActiveCfg = Release|Any CPU
		{347D455D-E96B-4EB6-961D-EBA8BC031B75}.Release|Any CPU.Build.0 = Release|Any CPU
		{8EBF202A-0EAD-4943-9640-F93A0364384A}.Debug|Any CPU.ActiveCfg = Debug|Any CPU
		{8EBF202A-0EAD-4943-9640-F93A0364384A}.Debug|Any CPU.Build.0 = Debug|Any CPU
		{8EBF202A-0EAD-4943-9640-F93A0364384A}.Release|Any CPU.ActiveCfg = Release|Any CPU
		{8EBF202A-0EAD-4943-9640-F93A0364384A}.Release|Any CPU.Build.0 = Release|Any CPU
	EndGlobalSection
	GlobalSection(SolutionProperties) = preSolution
		HideSolutionNode = FALSE
	EndGlobalSection
	GlobalSection(ExtensibilityGlobals) = postSolution
		SolutionGuid = {0A50E670-864A-4037-BB2E-0489C134F4D9}
	EndGlobalSection
EndGlobal
