
Microsoft Visual Studio Solution File, Format Version 12.00
# Visual Studio Version 17
VisualStudioVersion = 17.13.35806.99 d17.13
MinimumVisualStudioVersion = 10.0.40219.1
Project("{FAE04EC0-301F-11D3-BF4B-00C04F79EFBC}") = "01.Exercise1", "01.Exercise1\01.Exercise1.csproj", "{2A7579ED-ABF0-4CEF-A4E3-4CC2F9A26273}"
EndProject
Global
	GlobalSection(SolutionConfigurationPlatforms) = preSolution
		Debug|Any CPU = Debug|Any CPU
		Release|Any CPU = Release|Any CPU
	EndGlobalSection
	GlobalSection(ProjectConfigurationPlatforms) = postSolution
		{2A7579ED-ABF0-4CEF-A4E3-4CC2F9A26273}.Debug|Any CPU.ActiveCfg = Debug|Any CPU
		{2A7579ED-ABF0-4CEF-A4E3-4CC2F9A26273}.Debug|Any CPU.Build.0 = Debug|Any CPU
		{2A7579ED-ABF0-4CEF-A4E3-4CC2F9A26273}.Release|Any CPU.ActiveCfg = Release|Any CPU
		{2A7579ED-ABF0-4CEF-A4E3-4CC2F9A26273}.Release|Any CPU.Build.0 = Release|Any CPU
	EndGlobalSection
	GlobalSection(SolutionProperties) = preSolution
		HideSolutionNode = FALSE
	EndGlobalSection
	GlobalSection(ExtensibilityGlobals) = postSolution
		SolutionGuid = {9493D5E7-A2F8-4FE9-BADD-0FB7F46FD9F7}
	EndGlobalSection
EndGlobal
