
Microsoft Visual Studio Solution File, Format Version 12.00
# Visual Studio Version 17
VisualStudioVersion = 17.5.33424.131
MinimumVisualStudioVersion = 10.0.40219.1
Project("{9A19103F-16F7-4668-BE54-9A1E7A4F7556}") = "01. Count of vowels", "01. Count of vowels\01. Count of vowels.csproj", "{E7B7728F-B4A9-4D01-AF99-41F0D5697BD1}"
EndProject
Project("{9A19103F-16F7-4668-BE54-9A1E7A4F7556}") = "02. Average number", "02. Average number\02. Average number.csproj", "{476B601B-D5BD-47D9-B200-04E0D18A168B}"
EndProject
Project("{9A19103F-16F7-4668-BE54-9A1E7A4F7556}") = "03. Digit", "03. Digit\03. Digit.csproj", "{7F1EE80D-498D-446C-83C7-7A5AA36D3BFA}"
EndProject
Project("{9A19103F-16F7-4668-BE54-9A1E7A4F7556}") = "04. Symbols", "04. Symbols\04. Symbols.csproj", "{78DC6EF6-41D7-42A1-AF37-59FA5DB5FE8A}"
EndProject
Project("{9A19103F-16F7-4668-BE54-9A1E7A4F7556}") = "05. Number of matches", "05. Number of matches\05. Number of matches.csproj", "{B7CA653A-C533-48CF-A566-A1A6BD95E6C7}"
EndProject
Project("{FAE04EC0-301F-11D3-BF4B-00C04F79EFBC}") = "06. Ascending and descending row", "06. Ascending and descending row\06. Ascending and descending row.csproj", "{D8AE045F-ADBB-4FCC-999A-87C7CF1C1ED6}"
EndProject
Project("{FAE04EC0-301F-11D3-BF4B-00C04F79EFBC}") = "07.  Contains digit", "07.  Contains digit\07.  Contains digit.csproj", "{86B29AC4-7FF9-4DE3-A98E-BAAFEF0FEC54}"
EndProject
Project("{FAE04EC0-301F-11D3-BF4B-00C04F79EFBC}") = "08. Ignore same number", "08. Ignore same number\08. Ignore same number.csproj", "{7B992E66-541B-45DA-B54F-AFDF6DD39A47}"
EndProject
Project("{FAE04EC0-301F-11D3-BF4B-00C04F79EFBC}") = "09. Even or  odd numbers", "09. Even or  odd numbers\09. Even or  odd numbers.csproj", "{06BE1C1A-D21C-444B-96FB-1C899326ABE5}"
EndProject
Project("{FAE04EC0-301F-11D3-BF4B-00C04F79EFBC}") = "10. Ignore negative numbers", "10. Ignore negative numbers\10. Ignore negative numbers.csproj", "{C1B99BD0-D4B3-4DA5-9FCB-4457889C6DDA}"
EndProject
Project("{FAE04EC0-301F-11D3-BF4B-00C04F79EFBC}") = "11. Count of equal numbers", "11. Count of equal numbers\11. Count of equal numbers.csproj", "{8EEBA2BF-0948-4E04-AB13-A0B11B34520E}"
EndProject
Project("{FAE04EC0-301F-11D3-BF4B-00C04F79EFBC}") = "12. Is string palindrome", "12. Is string palindrome\12. Is string palindrome.csproj", "{5C8EA81C-2E88-4ABF-9A7D-A16E5336EB02}"
EndProject
Global
	GlobalSection(SolutionConfigurationPlatforms) = preSolution
		Debug|Any CPU = Debug|Any CPU
		Release|Any CPU = Release|Any CPU
	EndGlobalSection
	GlobalSection(ProjectConfigurationPlatforms) = postSolution
		{E7B7728F-B4A9-4D01-AF99-41F0D5697BD1}.Debug|Any CPU.ActiveCfg = Debug|Any CPU
		{E7B7728F-B4A9-4D01-AF99-41F0D5697BD1}.Debug|Any CPU.Build.0 = Debug|Any CPU
		{E7B7728F-B4A9-4D01-AF99-41F0D5697BD1}.Release|Any CPU.ActiveCfg = Release|Any CPU
		{E7B7728F-B4A9-4D01-AF99-41F0D5697BD1}.Release|Any CPU.Build.0 = Release|Any CPU
		{476B601B-D5BD-47D9-B200-04E0D18A168B}.Debug|Any CPU.ActiveCfg = Debug|Any CPU
		{476B601B-D5BD-47D9-B200-04E0D18A168B}.Debug|Any CPU.Build.0 = Debug|Any CPU
		{476B601B-D5BD-47D9-B200-04E0D18A168B}.Release|Any CPU.ActiveCfg = Release|Any CPU
		{476B601B-D5BD-47D9-B200-04E0D18A168B}.Release|Any CPU.Build.0 = Release|Any CPU
		{7F1EE80D-498D-446C-83C7-7A5AA36D3BFA}.Debug|Any CPU.ActiveCfg = Debug|Any CPU
		{7F1EE80D-498D-446C-83C7-7A5AA36D3BFA}.Debug|Any CPU.Build.0 = Debug|Any CPU
		{7F1EE80D-498D-446C-83C7-7A5AA36D3BFA}.Release|Any CPU.ActiveCfg = Release|Any CPU
		{7F1EE80D-498D-446C-83C7-7A5AA36D3BFA}.Release|Any CPU.Build.0 = Release|Any CPU
		{78DC6EF6-41D7-42A1-AF37-59FA5DB5FE8A}.Debug|Any CPU.ActiveCfg = Debug|Any CPU
		{78DC6EF6-41D7-42A1-AF37-59FA5DB5FE8A}.Debug|Any CPU.Build.0 = Debug|Any CPU
		{78DC6EF6-41D7-42A1-AF37-59FA5DB5FE8A}.Release|Any CPU.ActiveCfg = Release|Any CPU
		{78DC6EF6-41D7-42A1-AF37-59FA5DB5FE8A}.Release|Any CPU.Build.0 = Release|Any CPU
		{B7CA653A-C533-48CF-A566-A1A6BD95E6C7}.Debug|Any CPU.ActiveCfg = Debug|Any CPU
		{B7CA653A-C533-48CF-A566-A1A6BD95E6C7}.Debug|Any CPU.Build.0 = Debug|Any CPU
		{B7CA653A-C533-48CF-A566-A1A6BD95E6C7}.Release|Any CPU.ActiveCfg = Release|Any CPU
		{B7CA653A-C533-48CF-A566-A1A6BD95E6C7}.Release|Any CPU.Build.0 = Release|Any CPU
		{D8AE045F-ADBB-4FCC-999A-87C7CF1C1ED6}.Debug|Any CPU.ActiveCfg = Debug|Any CPU
		{D8AE045F-ADBB-4FCC-999A-87C7CF1C1ED6}.Debug|Any CPU.Build.0 = Debug|Any CPU
		{D8AE045F-ADBB-4FCC-999A-87C7CF1C1ED6}.Release|Any CPU.ActiveCfg = Release|Any CPU
		{D8AE045F-ADBB-4FCC-999A-87C7CF1C1ED6}.Release|Any CPU.Build.0 = Release|Any CPU
		{86B29AC4-7FF9-4DE3-A98E-BAAFEF0FEC54}.Debug|Any CPU.ActiveCfg = Debug|Any CPU
		{86B29AC4-7FF9-4DE3-A98E-BAAFEF0FEC54}.Debug|Any CPU.Build.0 = Debug|Any CPU
		{86B29AC4-7FF9-4DE3-A98E-BAAFEF0FEC54}.Release|Any CPU.ActiveCfg = Release|Any CPU
		{86B29AC4-7FF9-4DE3-A98E-BAAFEF0FEC54}.Release|Any CPU.Build.0 = Release|Any CPU
		{7B992E66-541B-45DA-B54F-AFDF6DD39A47}.Debug|Any CPU.ActiveCfg = Debug|Any CPU
		{7B992E66-541B-45DA-B54F-AFDF6DD39A47}.Debug|Any CPU.Build.0 = Debug|Any CPU
		{7B992E66-541B-45DA-B54F-AFDF6DD39A47}.Release|Any CPU.ActiveCfg = Release|Any CPU
		{7B992E66-541B-45DA-B54F-AFDF6DD39A47}.Release|Any CPU.Build.0 = Release|Any CPU
		{06BE1C1A-D21C-444B-96FB-1C899326ABE5}.Debug|Any CPU.ActiveCfg = Debug|Any CPU
		{06BE1C1A-D21C-444B-96FB-1C899326ABE5}.Debug|Any CPU.Build.0 = Debug|Any CPU
		{06BE1C1A-D21C-444B-96FB-1C899326ABE5}.Release|Any CPU.ActiveCfg = Release|Any CPU
		{06BE1C1A-D21C-444B-96FB-1C899326ABE5}.Release|Any CPU.Build.0 = Release|Any CPU
		{C1B99BD0-D4B3-4DA5-9FCB-4457889C6DDA}.Debug|Any CPU.ActiveCfg = Debug|Any CPU
		{C1B99BD0-D4B3-4DA5-9FCB-4457889C6DDA}.Debug|Any CPU.Build.0 = Debug|Any CPU
		{C1B99BD0-D4B3-4DA5-9FCB-4457889C6DDA}.Release|Any CPU.ActiveCfg = Release|Any CPU
		{C1B99BD0-D4B3-4DA5-9FCB-4457889C6DDA}.Release|Any CPU.Build.0 = Release|Any CPU
		{8EEBA2BF-0948-4E04-AB13-A0B11B34520E}.Debug|Any CPU.ActiveCfg = Debug|Any CPU
		{8EEBA2BF-0948-4E04-AB13-A0B11B34520E}.Debug|Any CPU.Build.0 = Debug|Any CPU
		{8EEBA2BF-0948-4E04-AB13-A0B11B34520E}.Release|Any CPU.ActiveCfg = Release|Any CPU
		{8EEBA2BF-0948-4E04-AB13-A0B11B34520E}.Release|Any CPU.Build.0 = Release|Any CPU
		{5C8EA81C-2E88-4ABF-9A7D-A16E5336EB02}.Debug|Any CPU.ActiveCfg = Debug|Any CPU
		{5C8EA81C-2E88-4ABF-9A7D-A16E5336EB02}.Debug|Any CPU.Build.0 = Debug|Any CPU
		{5C8EA81C-2E88-4ABF-9A7D-A16E5336EB02}.Release|Any CPU.ActiveCfg = Release|Any CPU
		{5C8EA81C-2E88-4ABF-9A7D-A16E5336EB02}.Release|Any CPU.Build.0 = Release|Any CPU
	EndGlobalSection
	GlobalSection(SolutionProperties) = preSolution
		HideSolutionNode = FALSE
	EndGlobalSection
	GlobalSection(ExtensibilityGlobals) = postSolution
		SolutionGuid = {238334E2-BFFE-4537-99C9-41F45A907FB1}
	EndGlobalSection
EndGlobal
