
Microsoft Visual Studio Solution File, Format Version 12.00
# Visual Studio Version 17
VisualStudioVersion = 17.5.33424.131
MinimumVisualStudioVersion = 10.0.40219.1
Project("{FAE04EC0-301F-11D3-BF4B-00C04F79EFBC}") = "Task 1", "Task 1\Task 1.csproj", "{2321038A-5A9B-43A3-9115-0B7508A3868A}"
EndProject
Project("{FAE04EC0-301F-11D3-BF4B-00C04F79EFBC}") = "Task 2", "Task 2\Task 2.csproj", "{B9785CBE-44A2-48D2-B180-DB5400420A7F}"
EndProject
Project("{FAE04EC0-301F-11D3-BF4B-00C04F79EFBC}") = "Task 3", "Task 3\Task 3.csproj", "{32EE0A99-0A2F-423B-95D6-E2435B708B11}"
EndProject
Project("{FAE04EC0-301F-11D3-BF4B-00C04F79EFBC}") = "Task 4", "Task 4\Task 4.csproj", "{20E952FB-FD52-40CF-A330-D9E03BBD2099}"
EndProject
Project("{FAE04EC0-301F-11D3-BF4B-00C04F79EFBC}") = "Task 5", "Task 5\Task 5.csproj", "{683FD022-7A17-4302-B34C-ACBE954387AD}"
EndProject
Project("{FAE04EC0-301F-11D3-BF4B-00C04F79EFBC}") = "Task 6", "Task 6\Task 6.csproj", "{150D6844-196B-46CD-B493-37458A7EC859}"
EndProject
Project("{FAE04EC0-301F-11D3-BF4B-00C04F79EFBC}") = "Task 7", "Task 7\Task 7.csproj", "{2A705B29-1036-4D03-943E-8F23C6697136}"
EndProject
Global
	GlobalSection(SolutionConfigurationPlatforms) = preSolution
		Debug|Any CPU = Debug|Any CPU
		Release|Any CPU = Release|Any CPU
	EndGlobalSection
	GlobalSection(ProjectConfigurationPlatforms) = postSolution
		{2321038A-5A9B-43A3-9115-0B7508A3868A}.Debug|Any CPU.ActiveCfg = Debug|Any CPU
		{2321038A-5A9B-43A3-9115-0B7508A3868A}.Debug|Any CPU.Build.0 = Debug|Any CPU
		{2321038A-5A9B-43A3-9115-0B7508A3868A}.Release|Any CPU.ActiveCfg = Release|Any CPU
		{2321038A-5A9B-43A3-9115-0B7508A3868A}.Release|Any CPU.Build.0 = Release|Any CPU
		{B9785CBE-44A2-48D2-B180-DB5400420A7F}.Debug|Any CPU.ActiveCfg = Debug|Any CPU
		{B9785CBE-44A2-48D2-B180-DB5400420A7F}.Debug|Any CPU.Build.0 = Debug|Any CPU
		{B9785CBE-44A2-48D2-B180-DB5400420A7F}.Release|Any CPU.ActiveCfg = Release|Any CPU
		{B9785CBE-44A2-48D2-B180-DB5400420A7F}.Release|Any CPU.Build.0 = Release|Any CPU
		{32EE0A99-0A2F-423B-95D6-E2435B708B11}.Debug|Any CPU.ActiveCfg = Debug|Any CPU
		{32EE0A99-0A2F-423B-95D6-E2435B708B11}.Debug|Any CPU.Build.0 = Debug|Any CPU
		{32EE0A99-0A2F-423B-95D6-E2435B708B11}.Release|Any CPU.ActiveCfg = Release|Any CPU
		{32EE0A99-0A2F-423B-95D6-E2435B708B11}.Release|Any CPU.Build.0 = Release|Any CPU
		{20E952FB-FD52-40CF-A330-D9E03BBD2099}.Debug|Any CPU.ActiveCfg = Debug|Any CPU
		{20E952FB-FD52-40CF-A330-D9E03BBD2099}.Debug|Any CPU.Build.0 = Debug|Any CPU
		{20E952FB-FD52-40CF-A330-D9E03BBD2099}.Release|Any CPU.ActiveCfg = Release|Any CPU
		{20E952FB-FD52-40CF-A330-D9E03BBD2099}.Release|Any CPU.Build.0 = Release|Any CPU
		{683FD022-7A17-4302-B34C-ACBE954387AD}.Debug|Any CPU.ActiveCfg = Debug|Any CPU
		{683FD022-7A17-4302-B34C-ACBE954387AD}.Debug|Any CPU.Build.0 = Debug|Any CPU
		{683FD022-7A17-4302-B34C-ACBE954387AD}.Release|Any CPU.ActiveCfg = Release|Any CPU
		{683FD022-7A17-4302-B34C-ACBE954387AD}.Release|Any CPU.Build.0 = Release|Any CPU
		{150D6844-196B-46CD-B493-37458A7EC859}.Debug|Any CPU.ActiveCfg = Debug|Any CPU
		{150D6844-196B-46CD-B493-37458A7EC859}.Debug|Any CPU.Build.0 = Debug|Any CPU
		{150D6844-196B-46CD-B493-37458A7EC859}.Release|Any CPU.ActiveCfg = Release|Any CPU
		{150D6844-196B-46CD-B493-37458A7EC859}.Release|Any CPU.Build.0 = Release|Any CPU
		{2A705B29-1036-4D03-943E-8F23C6697136}.Debug|Any CPU.ActiveCfg = Debug|Any CPU
		{2A705B29-1036-4D03-943E-8F23C6697136}.Debug|Any CPU.Build.0 = Debug|Any CPU
		{2A705B29-1036-4D03-943E-8F23C6697136}.Release|Any CPU.ActiveCfg = Release|Any CPU
		{2A705B29-1036-4D03-943E-8F23C6697136}.Release|Any CPU.Build.0 = Release|Any CPU
	EndGlobalSection
	GlobalSection(SolutionProperties) = preSolution
		HideSolutionNode = FALSE
	EndGlobalSection
	GlobalSection(ExtensibilityGlobals) = postSolution
		SolutionGuid = {F9417854-436D-4463-9682-9FF65185FC6A}
	EndGlobalSection
EndGlobal
