
Microsoft Visual Studio Solution File, Format Version 12.00
# Visual Studio Version 17
VisualStudioVersion = 17.5.33424.131
MinimumVisualStudioVersion = 10.0.40219.1
Project("{FAE04EC0-301F-11D3-BF4B-00C04F79EFBC}") = "Task 1", "Task 1\Task 1.csproj", "{2321038A-5A9B-43A3-9115-0B7508A3868A}"
EndProject
Project("{FAE04EC0-301F-11D3-BF4B-00C04F79EFBC}") = "Task 2", "Task 2\Task 2.csproj", "{B9785CBE-44A2-48D2-B180-DB5400420A7F}"
EndProject
Global
	GlobalSection(SolutionConfigurationPlatforms) = preSolution
		Debug|Any CPU = Debug|Any CPU
		Release|Any CPU = Release|Any CPU
	EndGlobalSection
	GlobalSection(ProjectConfigurationPlatforms) = postSolution
		{2321038A-5A9B-43A3-9115-0B7508A3868A}.Debug|Any CPU.ActiveCfg = Debug|Any CPU
		{2321038A-5A9B-43A3-9115-0B7508A3868A}.Debug|Any CPU.Build.0 = Debug|Any CPU
		{2321038A-5A9B-43A3-9115-0B7508A3868A}.Release|Any CPU.ActiveCfg = Release|Any CPU
		{2321038A-5A9B-43A3-9115-0B7508A3868A}.Release|Any CPU.Build.0 = Release|Any CPU
		{B9785CBE-44A2-48D2-B180-DB5400420A7F}.Debug|Any CPU.ActiveCfg = Debug|Any CPU
		{B9785CBE-44A2-48D2-B180-DB5400420A7F}.Debug|Any CPU.Build.0 = Debug|Any CPU
		{B9785CBE-44A2-48D2-B180-DB5400420A7F}.Release|Any CPU.ActiveCfg = Release|Any CPU
		{B9785CBE-44A2-48D2-B180-DB5400420A7F}.Release|Any CPU.Build.0 = Release|Any CPU
	EndGlobalSection
	GlobalSection(SolutionProperties) = preSolution
		HideSolutionNode = FALSE
	EndGlobalSection
	GlobalSection(ExtensibilityGlobals) = postSolution
		SolutionGuid = {F9417854-436D-4463-9682-9FF65185FC6A}
	EndGlobalSection
EndGlobal
